speakeasyVersion: 1.311.0
sources:
    petstore:
        sourceNamespace: petstore
        sourceRevisionDigest: sha256:6778a64ea0cc1588cf4acfeaaed33434b1efd87d9cedfb056f62b39f603a10ad
        sourceBlobDigest: sha256:30eb71cd81638d80d91f5c67625e62402d23581ba608f2c8b16f783a18673fce
        tags:
            - latest
            - main
targets:
    first-target:
        source: petstore
        sourceNamespace: petstore
        sourceRevisionDigest: sha256:22dea4fa269cfc90ef29c704b6a25e91601d47b45da74b25f6f8550d09740bf7
        sourceBlobDigest: sha256:0988cc3ebcf0b14954c082c37c08f8a965b0ec72781ffd459a9d4e105519f1da
        outLocation: go
    second-target:
        source: petstore
        sourceNamespace: petstore
        sourceRevisionDigest: sha256:22dea4fa269cfc90ef29c704b6a25e91601d47b45da74b25f6f8550d09740bf7
        sourceBlobDigest: sha256:0988cc3ebcf0b14954c082c37c08f8a965b0ec72781ffd459a9d4e105519f1da
        outLocation: py
    third-target:
        source: petstore
        sourceNamespace: petstore
        sourceRevisionDigest: sha256:6778a64ea0cc1588cf4acfeaaed33434b1efd87d9cedfb056f62b39f603a10ad
        sourceBlobDigest: sha256:30eb71cd81638d80d91f5c67625e62402d23581ba608f2c8b16f783a18673fce
        outLocation: ts
workflow:
    workflowVersion: 1.0.0
    speakeasyVersion: latest
    sources:
        petstore:
            inputs:
                - location: https://raw.githubusercontent.com/OAI/OpenAPI-Specification/main/examples/v3.0/petstore.yaml
            registry:
                location: registry.speakeasyapi.dev/ryan-local/ryan-telemetry/petstore
    targets:
        first-target:
            target: go
            source: petstore
            output: go
        second-target:
            target: python
            source: petstore
            output: py
            publish:
                pypi:
                    token: $pypi_token
        third-target:
            target: typescript
            source: petstore
            output: ts
            publish:
                npm:
                    token: $npm_token
