speakeasyVersion: 1.313.0
sources:
    petstore:
        sourceNamespace: petstore
        sourceRevisionDigest: sha256:c420b1723bee40dcb05f2e3b8be7bd54b53e0c6364427206b345fac87cbf4e39
        sourceBlobDigest: sha256:22dd14e82d6f29388b34f7ed98f70cf5aeddf65675dc36bb338d8ba0e5a5cab0
        tags:
            - latest
            - main
targets:
    first-target:
        source: petstore
        sourceNamespace: petstore
        sourceRevisionDigest: sha256:43e00c1936fbd300a4bc06b00137a809761dd7555e240b3018c8db265353f617
        sourceBlobDigest: sha256:69030eebe8fbac7f1c6729e2ac8a2d88991e97b9da23d8f60af46b67e111fbe5
        outLocation: go
    second-target:
        source: petstore
        sourceNamespace: petstore
        sourceRevisionDigest: sha256:c420b1723bee40dcb05f2e3b8be7bd54b53e0c6364427206b345fac87cbf4e39
        sourceBlobDigest: sha256:22dd14e82d6f29388b34f7ed98f70cf5aeddf65675dc36bb338d8ba0e5a5cab0
        outLocation: py
    third-target:
        source: petstore
        sourceNamespace: petstore
        sourceRevisionDigest: sha256:4d2c0c6fd28059d74f48674c5995e8655fbcd218452d1799d6714c8795b42abc
        sourceBlobDigest: sha256:6557cb09d634a4acfe36c2e9ed8a41361557b421e2810bf1486f38da571612fa
        outLocation: ts
workflow:
    workflowVersion: 1.0.0
    speakeasyVersion: latest
    sources:
        petstore:
            inputs:
                - location: https://raw.githubusercontent.com/OAI/OpenAPI-Specification/main/examples/v3.0/petstore.yaml
            registry:
                location: registry.speakeasyapi.dev/ryan-local/ryan-telemetry/petstore
    targets:
        first-target:
            target: go
            source: petstore
            output: go
        second-target:
            target: python
            source: petstore
            output: py
            publish:
                pypi:
                    token: $pypi_token
        third-target:
            target: typescript
            source: petstore
            output: ts
            publish:
                npm:
                    token: $npm_token
